
Microsoft Visual Studio Solution File, Format Version 12.00
# Visual Studio Version 16
VisualStudioVersion = 16.0.31729.503
MinimumVisualStudioVersion = 10.0.40219.1
Project("{FAE04EC0-301F-11D3-BF4B-00C04F79EFBC}") = "image-pdf-Test", "image-pdf-Test.csproj", "{3C40FE0B-B3C8-45DE-BB36-780D1E7646FD}"
EndProject
Global
	GlobalSection(SolutionConfigurationPlatforms) = preSolution
		Debug|Any CPU = Debug|Any CPU
		Release|Any CPU = Release|Any CPU
	EndGlobalSection
	GlobalSection(ProjectConfigurationPlatforms) = postSolution
		{3C40FE0B-B3C8-45DE-BB36-780D1E7646FD}.Debug|Any CPU.ActiveCfg = Debug|Any CPU
		{3C40FE0B-B3C8-45DE-BB36-780D1E7646FD}.Debug|Any CPU.Build.0 = Debug|Any CPU
		{3C40FE0B-B3C8-45DE-BB36-780D1E7646FD}.Release|Any CPU.ActiveCfg = Release|Any CPU
		{3C40FE0B-B3C8-45DE-BB36-780D1E7646FD}.Release|Any CPU.Build.0 = Release|Any CPU
	EndGlobalSection
	GlobalSection(SolutionProperties) = preSolution
		HideSolutionNode = FALSE
	EndGlobalSection
	GlobalSection(ExtensibilityGlobals) = postSolution
		SolutionGuid = {8A86B70E-C888-462A-9E6E-2F4B46108F4C}
	EndGlobalSection
EndGlobal
